
Microsoft Visual Studio Solution File, Format Version 12.00
# Visual Studio Version 17
VisualStudioVersion = 17.14.36203.30 d17.14
MinimumVisualStudioVersion = 10.0.40219.1
Project("{FAE04EC0-301F-11D3-BF4B-00C04F79EFBC}") = "OrderService", "OrderService\OrderService.csproj", "{4ECB38E9-83C4-4DC3-8862-12FF5F7A8ADC}"
EndProject
Project("{FAE04EC0-301F-11D3-BF4B-00C04F79EFBC}") = "shared", "shared\shared.csproj", "{2225697C-7328-4A87-80CA-6448BA5F9F0D}"
EndProject
Global
	GlobalSection(SolutionConfigurationPlatforms) = preSolution
		Debug|Any CPU = Debug|Any CPU
		Release|Any CPU = Release|Any CPU
	EndGlobalSection
	GlobalSection(ProjectConfigurationPlatforms) = postSolution
		{4ECB38E9-83C4-4DC3-8862-12FF5F7A8ADC}.Debug|Any CPU.ActiveCfg = Debug|Any CPU
		{4ECB38E9-83C4-4DC3-8862-12FF5F7A8ADC}.Debug|Any CPU.Build.0 = Debug|Any CPU
		{4ECB38E9-83C4-4DC3-8862-12FF5F7A8ADC}.Release|Any CPU.ActiveCfg = Release|Any CPU
		{4ECB38E9-83C4-4DC3-8862-12FF5F7A8ADC}.Release|Any CPU.Build.0 = Release|Any CPU
		{2225697C-7328-4A87-80CA-6448BA5F9F0D}.Debug|Any CPU.ActiveCfg = Debug|Any CPU
		{2225697C-7328-4A87-80CA-6448BA5F9F0D}.Debug|Any CPU.Build.0 = Debug|Any CPU
		{2225697C-7328-4A87-80CA-6448BA5F9F0D}.Release|Any CPU.ActiveCfg = Release|Any CPU
		{2225697C-7328-4A87-80CA-6448BA5F9F0D}.Release|Any CPU.Build.0 = Release|Any CPU
	EndGlobalSection
	GlobalSection(SolutionProperties) = preSolution
		HideSolutionNode = FALSE
	EndGlobalSection
	GlobalSection(ExtensibilityGlobals) = postSolution
		SolutionGuid = {4C336DC2-7E17-47BF-B9C1-ADA00BD924FF}
	EndGlobalSection
EndGlobal
